
Microsoft Visual Studio Solution File, Format Version 12.00
# Visual Studio 2015
Project("{FAE04EC0-301F-11D3-BF4B-00C04F79EFBC}") = "2D Survival.CSharp", "2D Survival.CSharp.csproj", "{F068F4CD-3D92-8D38-CE00-B43FF35E4A92}"
EndProject
Project("{FAE04EC0-301F-11D3-BF4B-00C04F79EFBC}") = "2D Survival.CSharp.Editor", "2D Survival.CSharp.Editor.csproj", "{1DFAF424-E291-4751-41F4-CAFB38333D33}"
EndProject
Global
	GlobalSection(SolutionConfigurationPlatforms) = preSolution
		Debug|Any CPU = Debug|Any CPU
		Release|Any CPU = Release|Any CPU
	EndGlobalSection
	GlobalSection(ProjectConfigurationPlatforms) = postSolution
		{F068F4CD-3D92-8D38-CE00-B43FF35E4A92}.Debug|Any CPU.ActiveCfg = Debug|Any CPU
		{F068F4CD-3D92-8D38-CE00-B43FF35E4A92}.Debug|Any CPU.Build.0 = Debug|Any CPU
		{F068F4CD-3D92-8D38-CE00-B43FF35E4A92}.Release|Any CPU.ActiveCfg = Release|Any CPU
		{F068F4CD-3D92-8D38-CE00-B43FF35E4A92}.Release|Any CPU.Build.0 = Release|Any CPU
		{1DFAF424-E291-4751-41F4-CAFB38333D33}.Debug|Any CPU.ActiveCfg = Debug|Any CPU
		{1DFAF424-E291-4751-41F4-CAFB38333D33}.Debug|Any CPU.Build.0 = Debug|Any CPU
		{1DFAF424-E291-4751-41F4-CAFB38333D33}.Release|Any CPU.ActiveCfg = Release|Any CPU
		{1DFAF424-E291-4751-41F4-CAFB38333D33}.Release|Any CPU.Build.0 = Release|Any CPU
	EndGlobalSection
	GlobalSection(SolutionProperties) = preSolution
		HideSolutionNode = FALSE
	EndGlobalSection
EndGlobal
